
Microsoft Visual Studio Solution File, Format Version 12.00
# Visual Studio 14
VisualStudioVersion = 14.0.24720.0
MinimumVisualStudioVersion = 10.0.40219.1
Project("{FAE04EC0-301F-11D3-BF4B-00C04F79EFBC}") = "PsiBB", "PsiBB\PsiBB.csproj", "{BF7344E3-C23B-4B78-BF49-1A19D763B9D0}"
EndProject
Global
	GlobalSection(SolutionConfigurationPlatforms) = preSolution
		Debug|Any CPU = Debug|Any CPU
		Release|Any CPU = Release|Any CPU
	EndGlobalSection
	GlobalSection(ProjectConfigurationPlatforms) = postSolution
		{BF7344E3-C23B-4B78-BF49-1A19D763B9D0}.Debug|Any CPU.ActiveCfg = Debug|Any CPU
		{BF7344E3-C23B-4B78-BF49-1A19D763B9D0}.Debug|Any CPU.Build.0 = Debug|Any CPU
		{BF7344E3-C23B-4B78-BF49-1A19D763B9D0}.Release|Any CPU.ActiveCfg = Release|Any CPU
		{BF7344E3-C23B-4B78-BF49-1A19D763B9D0}.Release|Any CPU.Build.0 = Release|Any CPU
	EndGlobalSection
	GlobalSection(SolutionProperties) = preSolution
		HideSolutionNode = FALSE
	EndGlobalSection
EndGlobal
